// !$*UTF8*$!
{
	archiveVersion = 1;
	classes = {
	};
	objectVersion = 46;
	objects = {

/* Begin PBXBuildFile section */
		17696F9D1D930B990094856B /* AppDelegate.swift in Sources */ = {isa = PBXBuildFile; fileRef = 17696F9C1D930B990094856B /* AppDelegate.swift */; };
		17696F9F1D930B990094856B /* ViewController.swift in Sources */ = {isa = PBXBuildFile; fileRef = 17696F9E1D930B990094856B /* ViewController.swift */; };
		17696FA21D930B990094856B /* Main.storyboard in Resources */ = {isa = PBXBuildFile; fileRef = 17696FA01D930B990094856B /* Main.storyboard */; };
		17696FA41D930B990094856B /* Assets.xcassets in Resources */ = {isa = PBXBuildFile; fileRef = 17696FA31D930B990094856B /* Assets.xcassets */; };
		17696FA71D930B990094856B /* LaunchScreen.storyboard in Resources */ = {isa = PBXBuildFile; fileRef = 17696FA51D930B990094856B /* LaunchScreen.storyboard */; };
/* End PBXBuildFile section */

/* Begin PBXFileReference section */
		17696F991D930B990094856B /* brightVoice.app */ = {isa = PBXFileReference; explicitFileType = wrapper.application; includeInIndex = 0; path = brightVoice.app; sourceTree = BUILT_PRODUCTS_DIR; };
		17696F9C1D930B990094856B /* AppDelegate.swift */ = {isa = PBXFileReference; lastKnownFileType = sourcecode.swift; path = AppDelegate.swift; sourceTree = "<group>"; };
		17696F9E1D930B990094856B /* ViewController.swift */ = {isa = PBXFileReference; lastKnownFileType = sourcecode.swift; path = ViewController.swift; sourceTree = "<group>"; };
		17696FA11D930B990094856B /* Base */ = {isa = PBXFileReference; lastKnownFileType = file.storyboard; name = Base; path = Base.lproj/Main.storyboard; sourceTree = "<group>"; };
		17696FA31D930B990094856B /* Assets.xcassets */ = {isa = PBXFileReference; lastKnownFileType = folder.assetcatalog; path = Assets.xcassets; sourceTree = "<group>"; };
		17696FA61D930B990094856B /* Base */ = {isa = PBXFileReference; lastKnownFileType = file.storyboard; name = Base; path = Base.lproj/LaunchScreen.storyboard; sourceTree = "<group>"; };
		17696FA81D930B990094856B /* Info.plist */ = {isa = PBXFileReference; lastKnownFileType = text.plist.xml; path = Info.plist; sourceTree = "<group>"; };
/* End PBXFileReference section */

/* Begin PBXFrameworksBuildPhase section */
		17696F961D930B980094856B /* Frameworks */ = {
			isa = PBXFrameworksBuildPhase;
			buildActionMask = 2147483647;
			files = (
			);
			runOnlyForDeploymentPostprocessing = 0;
		};
/* End PBXFrameworksBuildPhase section */

/* Begin PBXGroup section */
		17696F901D930B980094856B = {
			isa = PBXGroup;
			children = (
				17696F9B1D930B990094856B /* brightVoice */,
				17696F9A1D930B990094856B /* Products */,
			);
			sourceTree = "<group>";
		};
		17696F9A1D930B990094856B /* Products */ = {
			isa = PBXGroup;
			children = (
				17696F991D930B990094856B /* brightVoice.app */,
			);
			name = Products;
			sourceTree = "<group>";
		};
		17696F9B1D930B990094856B /* brightVoice */ = {
			isa = PBXGroup;
			children = (
				17696F9C1D930B990094856B /* AppDelegate.swift */,
				17696F9E1D930B990094856B /* ViewController.swift */,
				17696FA01D930B990094856B /* Main.storyboard */,
				17696FA31D930B990094856B /* Assets.xcassets */,
				17696FA51D930B990094856B /* LaunchScreen.storyboard */,
				17696FA81D930B990094856B /* Info.plist */,
			);
			path = brightVoice;
			sourceTree = "<group>";
		};
/* End PBXGroup section */

/* Begin PBXNativeTarget section */
		17696F981D930B980094856B /* brightVoice */ = {
			isa = PBXNativeTarget;
			buildConfigurationList = 17696FAB1D930B990094856B /* Build configuration list for PBXNativeTarget "brightVoice" */;
			buildPhases = (
				17696F951D930B980094856B /* Sources */,
				17696F961D930B980094856B /* Frameworks */,
				17696F971D930B980094856B /* Resources */,
			);
			buildRules = (
			);
			dependencies = (
			);
			name = brightVoice;
			productName = brightVoice;
			productReference = 17696F991D930B990094856B /* brightVoice.app */;
			productType = "com.apple.product-type.application";
		};
/* End PBXNativeTarget section */

/* Begin PBXProject section */
		17696F911D930B980094856B /* Project object */ = {
			isa = PBXProject;
			attributes = {
				LastSwiftUpdateCheck = 0730;
				LastUpgradeCheck = 0730;
				ORGANIZATIONNAME = "anand mukut tirkey";
				TargetAttributes = {
					17696F981D930B980094856B = {
						CreatedOnToolsVersion = 7.3;
					};
				};
			};
			buildConfigurationList = 17696F941D930B980094856B /* Build configuration list for PBXProject "brightVoice" */;
			compatibilityVersion = "Xcode 3.2";
			developmentRegion = English;
			hasScannedForEncodings = 0;
			knownRegions = (
				en,
				Base,
			);
			mainGroup = 17696F901D930B980094856B;
			productRefGroup = 17696F9A1D930B990094856B /* Products */;
			projectDirPath = "";
			projectRoot = "";
			targets = (
				17696F981D930B980094856B /* brightVoice */,
			);
		};
/* End PBXProject section */

/* Begin PBXResourcesBuildPhase section */
		17696F971D930B980094856B /* Resources */ = {
			isa = PBXResourcesBuildPhase;
			buildActionMask = 2147483647;
			files = (
				17696FA71D930B990094856B /* LaunchScreen.storyboard in Resources */,
				17696FA41D930B990094856B /* Assets.xcassets in Resources */,
				17696FA21D930B990094856B /* Main.storyboard in Resources */,
			);
			runOnlyForDeploymentPostprocessing = 0;
		};
/* End PBXResourcesBuildPhase section */

/* Begin PBXSourcesBuildPhase section */
		17696F951D930B980094856B /* Sources */ = {
			isa = PBXSourcesBuildPhase;
			buildActionMask = 2147483647;
			files = (
				17696F9F1D930B990094856B /* ViewController.swift in Sources */,
				17696F9D1D930B990094856B /* AppDelegate.swift in Sources */,
			);
			runOnlyForDeploymentPostprocessing = 0;
		};
/* End PBXSourcesBuildPhase section */

/* Begin PBXVariantGroup section */
		17696FA01D930B990094856B /* Main.storyboard */ = {
			isa = PBXVariantGroup;
			children = (
				17696FA11D930B990094856B /* Base */,
			);
			name = Main.storyboard;
			sourceTree = "<group>";
		};
		17696FA51D930B990094856B /* LaunchScreen.storyboard */ = {
			isa = PBXVariantGroup;
			children = (
				17696FA61D930B990094856B /* Base */,
			);
			name = LaunchScreen.storyboard;
			sourceTree = "<group>";
		};
/* End PBXVariantGroup section */

/* Begin XCBuildConfiguration section */
		17696FA91D930B990094856B /* Debug */ = {
			isa = XCBuildConfiguration;
			buildSettings = {
				ALWAYS_SEARCH_USER_PATHS = NO;
				CLANG_ANALYZER_NONNULL = YES;
				CLANG_CXX_LANGUAGE_STANDARD = "gnu++0x";
				CLANG_CXX_LIBRARY = "libc++";
				CLANG_ENABLE_MODULES = YES;
				CLANG_ENABLE_OBJC_ARC = YES;
				CLANG_WARN_BOOL_CONVERSION = YES;
				CLANG_WARN_CONSTANT_CONVERSION = YES;
				CLANG_WARN_DIRECT_OBJC_ISA_USAGE = YES_ERROR;
				CLANG_WARN_EMPTY_BODY = YES;
				CLANG_WARN_ENUM_CONVERSION = YES;
				CLANG_WARN_INT_CONVERSION = YES;
				CLANG_WARN_OBJC_ROOT_CLASS = YES_ERROR;
				CLANG_WARN_UNREACHABLE_CODE = YES;
				CLANG_WARN__DUPLICATE_METHOD_MATCH = YES;
				"CODE_SIGN_IDENTITY[sdk=iphoneos*]" = "iPhone Developer";
				COPY_PHASE_STRIP = NO;
				DEBUG_INFORMATION_FORMAT = dwarf;
				ENABLE_STRICT_OBJC_MSGSEND = YES;
				ENABLE_TESTABILITY = YES;
				GCC_C_LANGUAGE_STANDARD = gnu99;
				GCC_DYNAMIC_NO_PIC = NO;
				GCC_NO_COMMON_BLOCKS = YES;
				GCC_OPTIMIZATION_LEVEL = 0;
				GCC_PREPROCESSOR_DEFINITIONS = (
					"DEBUG=1",
					"$(inherited)",
				);
				GCC_WARN_64_TO_32_BIT_CONVERSION = YES;
				GCC_WARN_ABOUT_RETURN_TYPE = YES_ERROR;
				GCC_WARN_UNDECLARED_SELECTOR = YES;
				GCC_WARN_UNINITIALIZED_AUTOS = YES_AGGRESSIVE;
				GCC_WARN_UNUSED_FUNCTION = YES;
				GCC_WARN_UNUSED_VARIABLE = YES;
				IPHONEOS_DEPLOYMENT_TARGET = 9.3;
				MTL_ENABLE_DEBUG_INFO = YES;
				ONLY_ACTIVE_ARCH = YES;
				SDKROOT = iphoneos;
				SWIFT_OPTIMIZATION_LEVEL = "-Onone";
				TARGETED_DEVICE_FAMILY = "1,2";
			};
			name = Debug;
		};
		17696FAA1D930B990094856B /* Release */ = {
			isa = XCBuildConfiguration;
			buildSettings = {
				ALWAYS_SEARCH_USER_PATHS = NO;
				CLANG_ANALYZER_NONNULL = YES;
				CLANG_CXX_LANGUAGE_STANDARD = "gnu++0x";
				CLANG_CXX_LIBRARY = "libc++";
				CLANG_ENABLE_MODULES = YES;
				CLANG_ENABLE_OBJC_ARC = YES;
				CLANG_WARN_BOOL_CONVERSION = YES;
				CLANG_WARN_CONSTANT_CONVERSION = YES;
				CLANG_WARN_DIRECT_OBJC_ISA_USAGE = YES_ERROR;
				CLANG_WARN_EMPTY_BODY = YES;
				CLANG_WARN_ENUM_CONVERSION = YES;
				CLANG_WARN_INT_CONVERSION = YES;
				CLANG_WARN_OBJC_ROOT_CLASS = YES_ERROR;
				CLANG_WARN_UNREACHABLE_CODE = YES;
				CLANG_WARN__DUPLICATE_METHOD_MATCH = YES;
				"CODE_SIGN_IDENTITY[sdk=iphoneos*]" = "iPhone Developer";
				COPY_PHASE_STRIP = NO;
				DEBUG_INFORMATION_FORMAT = "dwarf-with-dsym";
				ENABLE_NS_ASSERTIONS = NO;
				ENABLE_STRICT_OBJC_MSGSEND = YES;
				GCC_C_LANGUAGE_STANDARD = gnu99;
				GCC_NO_COMMON_BLOCKS = YES;
				GCC_WARN_64_TO_32_BIT_CONVERSION = YES;
				GCC_WARN_ABOUT_RETURN_TYPE = YES_ERROR;
				GCC_WARN_UNDECLARED_SELECTOR = YES;
				GCC_WARN_UNINITIALIZED_AUTOS = YES_AGGRESSIVE;
				GCC_WARN_UNUSED_FUNCTION = YES;
				GCC_WARN_UNUSED_VARIABLE = YES;
				IPHONEOS_DEPLOYMENT_TARGET = 9.3;
				MTL_ENABLE_DEBUG_INFO = NO;
				SDKROOT = iphoneos;
				TARGETED_DEVICE_FAMILY = "1,2";
				VALIDATE_PRODUCT = YES;
			};
			name = Release;
		};
		17696FAC1D930B990094856B /* Debug */ = {
			isa = XCBuildConfiguration;
			buildSettings = {
				ASSETCATALOG_COMPILER_APPICON_NAME = AppIcon;
				INFOPLIST_FILE = brightVoice/Info.plist;
				LD_RUNPATH_SEARCH_PATHS = "$(inherited) @executable_path/Frameworks";
				PRODUCT_BUNDLE_IDENTIFIER = tk.wework.doko.brightVoice;
				PRODUCT_NAME = "$(TARGET_NAME)";
			};
			name = Debug;
		};
		17696FAD1D930B990094856B /* Release */ = {
			isa = XCBuildConfiguration;
			buildSettings = {
				ASSETCATALOG_COMPILER_APPICON_NAME = AppIcon;
				INFOPLIST_FILE = brightVoice/Info.plist;
				LD_RUNPATH_SEARCH_PATHS = "$(inherited) @executable_path/Frameworks";
				PRODUCT_BUNDLE_IDENTIFIER = tk.wework.doko.brightVoice;
				PRODUCT_NAME = "$(TARGET_NAME)";
			};
			name = Release;
		};
/* End XCBuildConfiguration section */

/* Begin XCConfigurationList section */
		17696F941D930B980094856B /* Build configuration list for PBXProject "brightVoice" */ = {
			isa = XCConfigurationList;
			buildConfigurations = (
				17696FA91D930B990094856B /* Debug */,
				17696FAA1D930B990094856B /* Release */,
			);
			defaultConfigurationIsVisible = 0;
			defaultConfigurationName = Release;
		};
		17696FAB1D930B990094856B /* Build configuration list for PBXNativeTarget "brightVoice" */ = {
			isa = XCConfigurationList;
			buildConfigurations = (
				17696FAC1D930B990094856B /* Debug */,
				17696FAD1D930B990094856B /* Release */,
			);
			defaultConfigurationIsVisible = 0;
		};
/* End XCConfigurationList section */
	};
	rootObject = 17696F911D930B980094856B /* Project object */;
}
